
Microsoft Visual Studio Solution File, Format Version 12.00
# Visual Studio Version 17
VisualStudioVersion = 17.0.31903.59
MinimumVisualStudioVersion = 10.0.40219.1
Project("{2150E333-8FDC-42A3-9474-1A3956D46DE8}") = "src", "src", "{827E0CD3-B72D-47B6-A68D-7590B98EB39B}"
EndProject
Project("{2150E333-8FDC-42A3-9474-1A3956D46DE8}") = "Services", "Services", "{984BB9B3-3FA3-BE33-9484-CAC21695A33C}"
EndProject
Project("{2150E333-8FDC-42A3-9474-1A3956D46DE8}") = "Identity", "Identity", "{1BFC9479-12BF-35C3-06B8-42D89D95092B}"
EndProject
Project("{FAE04EC0-301F-11D3-BF4B-00C04F79EFBC}") = "WorkCompanion.Identity.Application", "src\Services\Identity\WorkCompanion.Identity.Application\WorkCompanion.Identity.Application.csproj", "{304A5A22-F178-4933-9399-4C1DB66F7AC4}"
EndProject
Project("{FAE04EC0-301F-11D3-BF4B-00C04F79EFBC}") = "WorkCompanion.Identity.Domain", "src\Services\Identity\WorkCompanion.Identity.Domain\WorkCompanion.Identity.Domain.csproj", "{6B36AA1E-9721-41F7-BF1E-C7868C258787}"
EndProject
Project("{FAE04EC0-301F-11D3-BF4B-00C04F79EFBC}") = "WorkCompanion.Identity.Infrastructure", "src\Services\Identity\WorkCompanion.Identity.Infrastructure\WorkCompanion.Identity.Infrastructure.csproj", "{8522BE55-0E7D-4A29-B8DC-B56D569545CA}"
EndProject
Project("{FAE04EC0-301F-11D3-BF4B-00C04F79EFBC}") = "WorkCompanion.Identity.Infrastructure.Migrations.Sqlite", "src\Services\Identity\WorkCompanion.Identity.Infrastructure.Migrations.Sqlite\WorkCompanion.Identity.Infrastructure.Migrations.Sqlite.csproj", "{FC1DA1D4-45C2-4644-A07C-04B6100358DE}"
EndProject
Project("{FAE04EC0-301F-11D3-BF4B-00C04F79EFBC}") = "WorkCompanion.Identity.Web", "src\Services\Identity\WorkCompanion.Identity.Web\WorkCompanion.Identity.Web.csproj", "{FE600AF2-7F8F-4C68-AFED-E8FE0B6576C9}"
EndProject
Project("{2150E333-8FDC-42A3-9474-1A3956D46DE8}") = "Common", "Common", "{BFF2DF6E-AA54-47C7-211F-79ACCBB4577C}"
EndProject
Project("{FAE04EC0-301F-11D3-BF4B-00C04F79EFBC}") = "WorkCompanion.Common.Configuration", "src\Common\WorkCompanion.Common.Configuration\WorkCompanion.Common.Configuration.csproj", "{5FD4256B-9503-48D9-8393-C6B5FA2C1E67}"
EndProject
Project("{FAE04EC0-301F-11D3-BF4B-00C04F79EFBC}") = "WorkCompanion.Common.Logging", "src\Common\WorkCompanion.Common.Logging\WorkCompanion.Common.Logging.csproj", "{CBF521AC-894C-45FE-B3B6-3DBB7827F902}"
EndProject
Project("{2150E333-8FDC-42A3-9474-1A3956D46DE8}") = "tests", "tests", "{C5D6E7F8-A9B0-1C2D-3E4F-5A6B7C8D9E0F}"
EndProject
Project("{2150E333-8FDC-42A3-9474-1A3956D46DE8}") = "Common", "Common", "{D6E7F8A9-B0C1-2D3E-4F5A-6B7C8D9E0F1A}"
EndProject
Project("{FAE04EC0-301F-11D3-BF4B-00C04F79EFBC}") = "WorkCompanion.Common.Configuration.Tests", "tests\Common\WorkCompanion.Common.Configuration.Tests\WorkCompanion.Common.Configuration.Tests.csproj", "{A1B2C3D4-E5F6-7A8B-9C0D-E1F2A3B4C5D6}"
EndProject
Project("{FAE04EC0-301F-11D3-BF4B-00C04F79EFBC}") = "WorkCompanion.Common.Logging.Tests", "tests\Common\WorkCompanion.Common.Logging.Tests\WorkCompanion.Common.Logging.Tests.csproj", "{B2C3D4E5-F6A7-8B9C-0D1E-F2A3B4C5D6E7}"
EndProject
Project("{2150E333-8FDC-42A3-9474-1A3956D46DE8}") = "Services", "Services", "{E7F8A9B0-C1D2-3E4F-5A6B-7C8D9E0F1A2B}"
EndProject
Project("{2150E333-8FDC-42A3-9474-1A3956D46DE8}") = "Identity", "Identity", "{F8A9B0C1-D2E3-4F5A-6B7C-8D9E0F1A2B3C}"
EndProject
Project("{FAE04EC0-301F-11D3-BF4B-00C04F79EFBC}") = "WorkCompanion.Identity.Domain.Tests", "tests\Services\Identity\WorkCompanion.Identity.Domain.Tests\WorkCompanion.Identity.Domain.Tests.csproj", "{C3D4E5F6-A7B8-9C0D-1E2F-A3B4C5D6E7F8}"
EndProject
Project("{FAE04EC0-301F-11D3-BF4B-00C04F79EFBC}") = "WorkCompanion.Identity.Application.Tests", "tests\Services\Identity\WorkCompanion.Identity.Application.Tests\WorkCompanion.Identity.Application.Tests.csproj", "{D4E5F6A7-B8C9-0D1E-2F3A-B4C5D6E7F8A9}"
EndProject
Project("{FAE04EC0-301F-11D3-BF4B-00C04F79EFBC}") = "WorkCompanion.Identity.Infrastructure.Tests", "tests\Services\Identity\WorkCompanion.Identity.Infrastructure.Tests\WorkCompanion.Identity.Infrastructure.Tests.csproj", "{E5F6A7B8-C9D0-1E2F-3A4B-C5D6E7F8A9B0}"
EndProject
Project("{FAE04EC0-301F-11D3-BF4B-00C04F79EFBC}") = "WorkCompanion.Identity.Web.Tests", "tests\Services\Identity\WorkCompanion.Identity.Web.Tests\WorkCompanion.Identity.Web.Tests.csproj", "{F6A7B8C9-D0E1-2F3A-4B5C-D6E7F8A9B0C1}"
EndProject
Global
	GlobalSection(SolutionConfigurationPlatforms) = preSolution
		Debug|Any CPU = Debug|Any CPU
		Debug|x64 = Debug|x64
		Debug|x86 = Debug|x86
		Release|Any CPU = Release|Any CPU
		Release|x64 = Release|x64
		Release|x86 = Release|x86
	EndGlobalSection
	GlobalSection(ProjectConfigurationPlatforms) = postSolution
		{304A5A22-F178-4933-9399-4C1DB66F7AC4}.Debug|Any CPU.ActiveCfg = Debug|Any CPU
		{304A5A22-F178-4933-9399-4C1DB66F7AC4}.Debug|Any CPU.Build.0 = Debug|Any CPU
		{304A5A22-F178-4933-9399-4C1DB66F7AC4}.Debug|x64.ActiveCfg = Debug|Any CPU
		{304A5A22-F178-4933-9399-4C1DB66F7AC4}.Debug|x64.Build.0 = Debug|Any CPU
		{304A5A22-F178-4933-9399-4C1DB66F7AC4}.Debug|x86.ActiveCfg = Debug|Any CPU
		{304A5A22-F178-4933-9399-4C1DB66F7AC4}.Debug|x86.Build.0 = Debug|Any CPU
		{304A5A22-F178-4933-9399-4C1DB66F7AC4}.Release|Any CPU.ActiveCfg = Release|Any CPU
		{304A5A22-F178-4933-9399-4C1DB66F7AC4}.Release|Any CPU.Build.0 = Release|Any CPU
		{304A5A22-F178-4933-9399-4C1DB66F7AC4}.Release|x64.ActiveCfg = Release|Any CPU
		{304A5A22-F178-4933-9399-4C1DB66F7AC4}.Release|x64.Build.0 = Release|Any CPU
		{304A5A22-F178-4933-9399-4C1DB66F7AC4}.Release|x86.ActiveCfg = Release|Any CPU
		{304A5A22-F178-4933-9399-4C1DB66F7AC4}.Release|x86.Build.0 = Release|Any CPU
		{6B36AA1E-9721-41F7-BF1E-C7868C258787}.Debug|Any CPU.ActiveCfg = Debug|Any CPU
		{6B36AA1E-9721-41F7-BF1E-C7868C258787}.Debug|Any CPU.Build.0 = Debug|Any CPU
		{6B36AA1E-9721-41F7-BF1E-C7868C258787}.Debug|x64.ActiveCfg = Debug|Any CPU
		{6B36AA1E-9721-41F7-BF1E-C7868C258787}.Debug|x64.Build.0 = Debug|Any CPU
		{6B36AA1E-9721-41F7-BF1E-C7868C258787}.Debug|x86.ActiveCfg = Debug|Any CPU
		{6B36AA1E-9721-41F7-BF1E-C7868C258787}.Debug|x86.Build.0 = Debug|Any CPU
		{6B36AA1E-9721-41F7-BF1E-C7868C258787}.Release|Any CPU.ActiveCfg = Release|Any CPU
		{6B36AA1E-9721-41F7-BF1E-C7868C258787}.Release|Any CPU.Build.0 = Release|Any CPU
		{6B36AA1E-9721-41F7-BF1E-C7868C258787}.Release|x64.ActiveCfg = Release|Any CPU
		{6B36AA1E-9721-41F7-BF1E-C7868C258787}.Release|x64.Build.0 = Release|Any CPU
		{6B36AA1E-9721-41F7-BF1E-C7868C258787}.Release|x86.ActiveCfg = Release|Any CPU
		{6B36AA1E-9721-41F7-BF1E-C7868C258787}.Release|x86.Build.0 = Release|Any CPU
		{8522BE55-0E7D-4A29-B8DC-B56D569545CA}.Debug|Any CPU.ActiveCfg = Debug|Any CPU
		{8522BE55-0E7D-4A29-B8DC-B56D569545CA}.Debug|Any CPU.Build.0 = Debug|Any CPU
		{8522BE55-0E7D-4A29-B8DC-B56D569545CA}.Debug|x64.ActiveCfg = Debug|Any CPU
		{8522BE55-0E7D-4A29-B8DC-B56D569545CA}.Debug|x64.Build.0 = Debug|Any CPU
		{8522BE55-0E7D-4A29-B8DC-B56D569545CA}.Debug|x86.ActiveCfg = Debug|Any CPU
		{8522BE55-0E7D-4A29-B8DC-B56D569545CA}.Debug|x86.Build.0 = Debug|Any CPU
		{8522BE55-0E7D-4A29-B8DC-B56D569545CA}.Release|Any CPU.ActiveCfg = Release|Any CPU
		{8522BE55-0E7D-4A29-B8DC-B56D569545CA}.Release|Any CPU.Build.0 = Release|Any CPU
		{8522BE55-0E7D-4A29-B8DC-B56D569545CA}.Release|x64.ActiveCfg = Release|Any CPU
		{8522BE55-0E7D-4A29-B8DC-B56D569545CA}.Release|x64.Build.0 = Release|Any CPU
		{8522BE55-0E7D-4A29-B8DC-B56D569545CA}.Release|x86.ActiveCfg = Release|Any CPU
		{8522BE55-0E7D-4A29-B8DC-B56D569545CA}.Release|x86.Build.0 = Release|Any CPU
		{FC1DA1D4-45C2-4644-A07C-04B6100358DE}.Debug|Any CPU.ActiveCfg = Debug|Any CPU
		{FC1DA1D4-45C2-4644-A07C-04B6100358DE}.Debug|Any CPU.Build.0 = Debug|Any CPU
		{FC1DA1D4-45C2-4644-A07C-04B6100358DE}.Debug|x64.ActiveCfg = Debug|Any CPU
		{FC1DA1D4-45C2-4644-A07C-04B6100358DE}.Debug|x64.Build.0 = Debug|Any CPU
		{FC1DA1D4-45C2-4644-A07C-04B6100358DE}.Debug|x86.ActiveCfg = Debug|Any CPU
		{FC1DA1D4-45C2-4644-A07C-04B6100358DE}.Debug|x86.Build.0 = Debug|Any CPU
		{FC1DA1D4-45C2-4644-A07C-04B6100358DE}.Release|Any CPU.ActiveCfg = Release|Any CPU
		{FC1DA1D4-45C2-4644-A07C-04B6100358DE}.Release|Any CPU.Build.0 = Release|Any CPU
		{FC1DA1D4-45C2-4644-A07C-04B6100358DE}.Release|x64.ActiveCfg = Release|Any CPU
		{FC1DA1D4-45C2-4644-A07C-04B6100358DE}.Release|x64.Build.0 = Release|Any CPU
		{FC1DA1D4-45C2-4644-A07C-04B6100358DE}.Release|x86.ActiveCfg = Release|Any CPU
		{FC1DA1D4-45C2-4644-A07C-04B6100358DE}.Release|x86.Build.0 = Release|Any CPU
		{FE600AF2-7F8F-4C68-AFED-E8FE0B6576C9}.Debug|Any CPU.ActiveCfg = Debug|Any CPU
		{FE600AF2-7F8F-4C68-AFED-E8FE0B6576C9}.Debug|Any CPU.Build.0 = Debug|Any CPU
		{FE600AF2-7F8F-4C68-AFED-E8FE0B6576C9}.Debug|x64.ActiveCfg = Debug|Any CPU
		{FE600AF2-7F8F-4C68-AFED-E8FE0B6576C9}.Debug|x64.Build.0 = Debug|Any CPU
		{FE600AF2-7F8F-4C68-AFED-E8FE0B6576C9}.Debug|x86.ActiveCfg = Debug|Any CPU
		{FE600AF2-7F8F-4C68-AFED-E8FE0B6576C9}.Debug|x86.Build.0 = Debug|Any CPU
		{FE600AF2-7F8F-4C68-AFED-E8FE0B6576C9}.Release|Any CPU.ActiveCfg = Release|Any CPU
		{FE600AF2-7F8F-4C68-AFED-E8FE0B6576C9}.Release|Any CPU.Build.0 = Release|Any CPU
		{FE600AF2-7F8F-4C68-AFED-E8FE0B6576C9}.Release|x64.ActiveCfg = Release|Any CPU
		{FE600AF2-7F8F-4C68-AFED-E8FE0B6576C9}.Release|x64.Build.0 = Release|Any CPU
		{FE600AF2-7F8F-4C68-AFED-E8FE0B6576C9}.Release|x86.ActiveCfg = Release|Any CPU
		{FE600AF2-7F8F-4C68-AFED-E8FE0B6576C9}.Release|x86.Build.0 = Release|Any CPU
		{5FD4256B-9503-48D9-8393-C6B5FA2C1E67}.Debug|Any CPU.ActiveCfg = Debug|Any CPU
		{5FD4256B-9503-48D9-8393-C6B5FA2C1E67}.Debug|Any CPU.Build.0 = Debug|Any CPU
		{5FD4256B-9503-48D9-8393-C6B5FA2C1E67}.Debug|x64.ActiveCfg = Debug|Any CPU
		{5FD4256B-9503-48D9-8393-C6B5FA2C1E67}.Debug|x64.Build.0 = Debug|Any CPU
		{5FD4256B-9503-48D9-8393-C6B5FA2C1E67}.Debug|x86.ActiveCfg = Debug|Any CPU
		{5FD4256B-9503-48D9-8393-C6B5FA2C1E67}.Debug|x86.Build.0 = Debug|Any CPU
		{5FD4256B-9503-48D9-8393-C6B5FA2C1E67}.Release|Any CPU.ActiveCfg = Release|Any CPU
		{5FD4256B-9503-48D9-8393-C6B5FA2C1E67}.Release|Any CPU.Build.0 = Release|Any CPU
		{5FD4256B-9503-48D9-8393-C6B5FA2C1E67}.Release|x64.ActiveCfg = Release|Any CPU
		{5FD4256B-9503-48D9-8393-C6B5FA2C1E67}.Release|x64.Build.0 = Release|Any CPU
		{5FD4256B-9503-48D9-8393-C6B5FA2C1E67}.Release|x86.ActiveCfg = Release|Any CPU
		{5FD4256B-9503-48D9-8393-C6B5FA2C1E67}.Release|x86.Build.0 = Release|Any CPU
		{CBF521AC-894C-45FE-B3B6-3DBB7827F902}.Debug|Any CPU.ActiveCfg = Debug|Any CPU
		{CBF521AC-894C-45FE-B3B6-3DBB7827F902}.Debug|Any CPU.Build.0 = Debug|Any CPU
		{CBF521AC-894C-45FE-B3B6-3DBB7827F902}.Debug|x64.ActiveCfg = Debug|Any CPU
		{CBF521AC-894C-45FE-B3B6-3DBB7827F902}.Debug|x64.Build.0 = Debug|Any CPU
		{CBF521AC-894C-45FE-B3B6-3DBB7827F902}.Debug|x86.ActiveCfg = Debug|Any CPU
		{CBF521AC-894C-45FE-B3B6-3DBB7827F902}.Debug|x86.Build.0 = Debug|Any CPU
		{CBF521AC-894C-45FE-B3B6-3DBB7827F902}.Release|Any CPU.ActiveCfg = Release|Any CPU
		{CBF521AC-894C-45FE-B3B6-3DBB7827F902}.Release|Any CPU.Build.0 = Release|Any CPU
		{CBF521AC-894C-45FE-B3B6-3DBB7827F902}.Release|x64.ActiveCfg = Release|Any CPU
		{CBF521AC-894C-45FE-B3B6-3DBB7827F902}.Release|x64.Build.0 = Release|Any CPU
		{CBF521AC-894C-45FE-B3B6-3DBB7827F902}.Release|x86.ActiveCfg = Release|Any CPU
		{CBF521AC-894C-45FE-B3B6-3DBB7827F902}.Release|x86.Build.0 = Release|Any CPU
		{A1B2C3D4-E5F6-7A8B-9C0D-E1F2A3B4C5D6}.Debug|Any CPU.ActiveCfg = Debug|Any CPU
		{A1B2C3D4-E5F6-7A8B-9C0D-E1F2A3B4C5D6}.Debug|Any CPU.Build.0 = Debug|Any CPU
		{A1B2C3D4-E5F6-7A8B-9C0D-E1F2A3B4C5D6}.Debug|x64.ActiveCfg = Debug|Any CPU
		{A1B2C3D4-E5F6-7A8B-9C0D-E1F2A3B4C5D6}.Debug|x64.Build.0 = Debug|Any CPU
		{A1B2C3D4-E5F6-7A8B-9C0D-E1F2A3B4C5D6}.Debug|x86.ActiveCfg = Debug|Any CPU
		{A1B2C3D4-E5F6-7A8B-9C0D-E1F2A3B4C5D6}.Debug|x86.Build.0 = Debug|Any CPU
		{A1B2C3D4-E5F6-7A8B-9C0D-E1F2A3B4C5D6}.Release|Any CPU.ActiveCfg = Release|Any CPU
		{A1B2C3D4-E5F6-7A8B-9C0D-E1F2A3B4C5D6}.Release|Any CPU.Build.0 = Release|Any CPU
		{A1B2C3D4-E5F6-7A8B-9C0D-E1F2A3B4C5D6}.Release|x64.ActiveCfg = Release|Any CPU
		{A1B2C3D4-E5F6-7A8B-9C0D-E1F2A3B4C5D6}.Release|x64.Build.0 = Release|Any CPU
		{A1B2C3D4-E5F6-7A8B-9C0D-E1F2A3B4C5D6}.Release|x86.ActiveCfg = Release|Any CPU
		{A1B2C3D4-E5F6-7A8B-9C0D-E1F2A3B4C5D6}.Release|x86.Build.0 = Release|Any CPU
		{B2C3D4E5-F6A7-8B9C-0D1E-F2A3B4C5D6E7}.Debug|Any CPU.ActiveCfg = Debug|Any CPU
		{B2C3D4E5-F6A7-8B9C-0D1E-F2A3B4C5D6E7}.Debug|Any CPU.Build.0 = Debug|Any CPU
		{B2C3D4E5-F6A7-8B9C-0D1E-F2A3B4C5D6E7}.Debug|x64.ActiveCfg = Debug|Any CPU
		{B2C3D4E5-F6A7-8B9C-0D1E-F2A3B4C5D6E7}.Debug|x64.Build.0 = Debug|Any CPU
		{B2C3D4E5-F6A7-8B9C-0D1E-F2A3B4C5D6E7}.Debug|x86.ActiveCfg = Debug|Any CPU
		{B2C3D4E5-F6A7-8B9C-0D1E-F2A3B4C5D6E7}.Debug|x86.Build.0 = Debug|Any CPU
		{B2C3D4E5-F6A7-8B9C-0D1E-F2A3B4C5D6E7}.Release|Any CPU.ActiveCfg = Release|Any CPU
		{B2C3D4E5-F6A7-8B9C-0D1E-F2A3B4C5D6E7}.Release|Any CPU.Build.0 = Release|Any CPU
		{B2C3D4E5-F6A7-8B9C-0D1E-F2A3B4C5D6E7}.Release|x64.ActiveCfg = Release|Any CPU
		{B2C3D4E5-F6A7-8B9C-0D1E-F2A3B4C5D6E7}.Release|x64.Build.0 = Release|Any CPU
		{B2C3D4E5-F6A7-8B9C-0D1E-F2A3B4C5D6E7}.Release|x86.ActiveCfg = Release|Any CPU
		{B2C3D4E5-F6A7-8B9C-0D1E-F2A3B4C5D6E7}.Release|x86.Build.0 = Release|Any CPU
		{C3D4E5F6-A7B8-9C0D-1E2F-A3B4C5D6E7F8}.Debug|Any CPU.ActiveCfg = Debug|Any CPU
		{C3D4E5F6-A7B8-9C0D-1E2F-A3B4C5D6E7F8}.Debug|Any CPU.Build.0 = Debug|Any CPU
		{C3D4E5F6-A7B8-9C0D-1E2F-A3B4C5D6E7F8}.Debug|x64.ActiveCfg = Debug|Any CPU
		{C3D4E5F6-A7B8-9C0D-1E2F-A3B4C5D6E7F8}.Debug|x64.Build.0 = Debug|Any CPU
		{C3D4E5F6-A7B8-9C0D-1E2F-A3B4C5D6E7F8}.Debug|x86.ActiveCfg = Debug|Any CPU
		{C3D4E5F6-A7B8-9C0D-1E2F-A3B4C5D6E7F8}.Debug|x86.Build.0 = Debug|Any CPU
		{C3D4E5F6-A7B8-9C0D-1E2F-A3B4C5D6E7F8}.Release|Any CPU.ActiveCfg = Release|Any CPU
		{C3D4E5F6-A7B8-9C0D-1E2F-A3B4C5D6E7F8}.Release|Any CPU.Build.0 = Release|Any CPU
		{C3D4E5F6-A7B8-9C0D-1E2F-A3B4C5D6E7F8}.Release|x64.ActiveCfg = Release|Any CPU
		{C3D4E5F6-A7B8-9C0D-1E2F-A3B4C5D6E7F8}.Release|x64.Build.0 = Release|Any CPU
		{C3D4E5F6-A7B8-9C0D-1E2F-A3B4C5D6E7F8}.Release|x86.ActiveCfg = Release|Any CPU
		{C3D4E5F6-A7B8-9C0D-1E2F-A3B4C5D6E7F8}.Release|x86.Build.0 = Release|Any CPU
		{D4E5F6A7-B8C9-0D1E-2F3A-B4C5D6E7F8A9}.Debug|Any CPU.ActiveCfg = Debug|Any CPU
		{D4E5F6A7-B8C9-0D1E-2F3A-B4C5D6E7F8A9}.Debug|Any CPU.Build.0 = Debug|Any CPU
		{D4E5F6A7-B8C9-0D1E-2F3A-B4C5D6E7F8A9}.Debug|x64.ActiveCfg = Debug|Any CPU
		{D4E5F6A7-B8C9-0D1E-2F3A-B4C5D6E7F8A9}.Debug|x64.Build.0 = Debug|Any CPU
		{D4E5F6A7-B8C9-0D1E-2F3A-B4C5D6E7F8A9}.Debug|x86.ActiveCfg = Debug|Any CPU
		{D4E5F6A7-B8C9-0D1E-2F3A-B4C5D6E7F8A9}.Debug|x86.Build.0 = Debug|Any CPU
		{D4E5F6A7-B8C9-0D1E-2F3A-B4C5D6E7F8A9}.Release|Any CPU.ActiveCfg = Release|Any CPU
		{D4E5F6A7-B8C9-0D1E-2F3A-B4C5D6E7F8A9}.Release|Any CPU.Build.0 = Release|Any CPU
		{D4E5F6A7-B8C9-0D1E-2F3A-B4C5D6E7F8A9}.Release|x64.ActiveCfg = Release|Any CPU
		{D4E5F6A7-B8C9-0D1E-2F3A-B4C5D6E7F8A9}.Release|x64.Build.0 = Release|Any CPU
		{D4E5F6A7-B8C9-0D1E-2F3A-B4C5D6E7F8A9}.Release|x86.ActiveCfg = Release|Any CPU
		{D4E5F6A7-B8C9-0D1E-2F3A-B4C5D6E7F8A9}.Release|x86.Build.0 = Release|Any CPU
		{E5F6A7B8-C9D0-1E2F-3A4B-C5D6E7F8A9B0}.Debug|Any CPU.ActiveCfg = Debug|Any CPU
		{E5F6A7B8-C9D0-1E2F-3A4B-C5D6E7F8A9B0}.Debug|Any CPU.Build.0 = Debug|Any CPU
		{E5F6A7B8-C9D0-1E2F-3A4B-C5D6E7F8A9B0}.Debug|x64.ActiveCfg = Debug|Any CPU
		{E5F6A7B8-C9D0-1E2F-3A4B-C5D6E7F8A9B0}.Debug|x64.Build.0 = Debug|Any CPU
		{E5F6A7B8-C9D0-1E2F-3A4B-C5D6E7F8A9B0}.Debug|x86.ActiveCfg = Debug|Any CPU
		{E5F6A7B8-C9D0-1E2F-3A4B-C5D6E7F8A9B0}.Debug|x86.Build.0 = Debug|Any CPU
		{E5F6A7B8-C9D0-1E2F-3A4B-C5D6E7F8A9B0}.Release|Any CPU.ActiveCfg = Release|Any CPU
		{E5F6A7B8-C9D0-1E2F-3A4B-C5D6E7F8A9B0}.Release|Any CPU.Build.0 = Release|Any CPU
		{E5F6A7B8-C9D0-1E2F-3A4B-C5D6E7F8A9B0}.Release|x64.ActiveCfg = Release|Any CPU
		{E5F6A7B8-C9D0-1E2F-3A4B-C5D6E7F8A9B0}.Release|x64.Build.0 = Release|Any CPU
		{E5F6A7B8-C9D0-1E2F-3A4B-C5D6E7F8A9B0}.Release|x86.ActiveCfg = Release|Any CPU
		{E5F6A7B8-C9D0-1E2F-3A4B-C5D6E7F8A9B0}.Release|x86.Build.0 = Release|Any CPU
		{F6A7B8C9-D0E1-2F3A-4B5C-D6E7F8A9B0C1}.Debug|Any CPU.ActiveCfg = Debug|Any CPU
		{F6A7B8C9-D0E1-2F3A-4B5C-D6E7F8A9B0C1}.Debug|Any CPU.Build.0 = Debug|Any CPU
		{F6A7B8C9-D0E1-2F3A-4B5C-D6E7F8A9B0C1}.Debug|x64.ActiveCfg = Debug|Any CPU
		{F6A7B8C9-D0E1-2F3A-4B5C-D6E7F8A9B0C1}.Debug|x64.Build.0 = Debug|Any CPU
		{F6A7B8C9-D0E1-2F3A-4B5C-D6E7F8A9B0C1}.Debug|x86.ActiveCfg = Debug|Any CPU
		{F6A7B8C9-D0E1-2F3A-4B5C-D6E7F8A9B0C1}.Debug|x86.Build.0 = Debug|Any CPU
		{F6A7B8C9-D0E1-2F3A-4B5C-D6E7F8A9B0C1}.Release|Any CPU.ActiveCfg = Release|Any CPU
		{F6A7B8C9-D0E1-2F3A-4B5C-D6E7F8A9B0C1}.Release|Any CPU.Build.0 = Release|Any CPU
		{F6A7B8C9-D0E1-2F3A-4B5C-D6E7F8A9B0C1}.Release|x64.ActiveCfg = Release|Any CPU
		{F6A7B8C9-D0E1-2F3A-4B5C-D6E7F8A9B0C1}.Release|x64.Build.0 = Release|Any CPU
		{F6A7B8C9-D0E1-2F3A-4B5C-D6E7F8A9B0C1}.Release|x86.ActiveCfg = Release|Any CPU
		{F6A7B8C9-D0E1-2F3A-4B5C-D6E7F8A9B0C1}.Release|x86.Build.0 = Release|Any CPU
	EndGlobalSection
	GlobalSection(SolutionProperties) = preSolution
		HideSolutionNode = FALSE
	EndGlobalSection
	GlobalSection(NestedProjects) = preSolution
		{984BB9B3-3FA3-BE33-9484-CAC21695A33C} = {827E0CD3-B72D-47B6-A68D-7590B98EB39B}
		{1BFC9479-12BF-35C3-06B8-42D89D95092B} = {984BB9B3-3FA3-BE33-9484-CAC21695A33C}
		{304A5A22-F178-4933-9399-4C1DB66F7AC4} = {1BFC9479-12BF-35C3-06B8-42D89D95092B}
		{6B36AA1E-9721-41F7-BF1E-C7868C258787} = {1BFC9479-12BF-35C3-06B8-42D89D95092B}
		{8522BE55-0E7D-4A29-B8DC-B56D569545CA} = {1BFC9479-12BF-35C3-06B8-42D89D95092B}
		{FC1DA1D4-45C2-4644-A07C-04B6100358DE} = {1BFC9479-12BF-35C3-06B8-42D89D95092B}
		{FE600AF2-7F8F-4C68-AFED-E8FE0B6576C9} = {1BFC9479-12BF-35C3-06B8-42D89D95092B}
		{BFF2DF6E-AA54-47C7-211F-79ACCBB4577C} = {827E0CD3-B72D-47B6-A68D-7590B98EB39B}
		{5FD4256B-9503-48D9-8393-C6B5FA2C1E67} = {BFF2DF6E-AA54-47C7-211F-79ACCBB4577C}
		{CBF521AC-894C-45FE-B3B6-3DBB7827F902} = {BFF2DF6E-AA54-47C7-211F-79ACCBB4577C}
		{C5D6E7F8-A9B0-1C2D-3E4F-5A6B7C8D9E0F} = {827E0CD3-B72D-47B6-A68D-7590B98EB39B}
		{D6E7F8A9-B0C1-2D3E-4F5A-6B7C8D9E0F1A} = {C5D6E7F8-A9B0-1C2D-3E4F-5A6B7C8D9E0F}
		{A1B2C3D4-E5F6-7A8B-9C0D-E1F2A3B4C5D6} = {D6E7F8A9-B0C1-2D3E-4F5A-6B7C8D9E0F1A}
		{B2C3D4E5-F6A7-8B9C-0D1E-F2A3B4C5D6E7} = {D6E7F8A9-B0C1-2D3E-4F5A-6B7C8D9E0F1A}
		{E7F8A9B0-C1D2-3E4F-5A6B-7C8D9E0F1A2B} = {C5D6E7F8-A9B0-1C2D-3E4F-5A6B7C8D9E0F}
		{F8A9B0C1-D2E3-4F5A-6B7C-8D9E0F1A2B3C} = {E7F8A9B0-C1D2-3E4F-5A6B-7C8D9E0F1A2B}
		{C3D4E5F6-A7B8-9C0D-1E2F-A3B4C5D6E7F8} = {F8A9B0C1-D2E3-4F5A-6B7C-8D9E0F1A2B3C}
		{D4E5F6A7-B8C9-0D1E-2F3A-B4C5D6E7F8A9} = {F8A9B0C1-D2E3-4F5A-6B7C-8D9E0F1A2B3C}
		{E5F6A7B8-C9D0-1E2F-3A4B-C5D6E7F8A9B0} = {F8A9B0C1-D2E3-4F5A-6B7C-8D9E0F1A2B3C}
		{F6A7B8C9-D0E1-2F3A-4B5C-D6E7F8A9B0C1} = {F8A9B0C1-D2E3-4F5A-6B7C-8D9E0F1A2B3C}
	EndGlobalSection
EndGlobal
